
Microsoft Visual Studio Solution File, Format Version 12.00
# Visual Studio Version 17
VisualStudioVersion = 17.6.33815.320
MinimumVisualStudioVersion = 10.0.40219.1
Project("{FAE04EC0-301F-11D3-BF4B-00C04F79EFBC}") = "KeyboardHookPoc", "KeyboardHookPoc\KeyboardHookPoc.csproj", "{8F7FEDEE-384A-491A-BD80-B070B7050045}"
EndProject
Global
	GlobalSection(SolutionConfigurationPlatforms) = preSolution
		Debug|Any CPU = Debug|Any CPU
		Release|Any CPU = Release|Any CPU
	EndGlobalSection
	GlobalSection(ProjectConfigurationPlatforms) = postSolution
		{8F7FEDEE-384A-491A-BD80-B070B7050045}.Debug|Any CPU.ActiveCfg = Debug|Any CPU
		{8F7FEDEE-384A-491A-BD80-B070B7050045}.Debug|Any CPU.Build.0 = Debug|Any CPU
		{8F7FEDEE-384A-491A-BD80-B070B7050045}.Release|Any CPU.ActiveCfg = Release|Any CPU
		{8F7FEDEE-384A-491A-BD80-B070B7050045}.Release|Any CPU.Build.0 = Release|Any CPU
	EndGlobalSection
	GlobalSection(SolutionProperties) = preSolution
		HideSolutionNode = FALSE
	EndGlobalSection
	GlobalSection(ExtensibilityGlobals) = postSolution
		SolutionGuid = {30186172-08F1-4979-A197-83A761F7137D}
	EndGlobalSection
EndGlobal
